
Microsoft Visual Studio Solution File, Format Version 11.00
# Visual Studio 2010
Project("{FAE04EC0-301F-11D3-BF4B-00C04F79EFBC}") = "Assembly-CSharp", "Assembly-CSharp.csproj", "{7906AEDA-497A-DB01-DA29-6D72A65A2095}"
EndProject
Project("{FAE04EC0-301F-11D3-BF4B-00C04F79EFBC}") = "Assembly-CSharp-Editor", "Assembly-CSharp-Editor.csproj", "{18940C67-BA59-6E5F-63EC-3286EEDEACD0}"
EndProject
Global
	GlobalSection(SolutionConfigurationPlatforms) = preSolution
		Debug|Any CPU = Debug|Any CPU
		Release|Any CPU = Release|Any CPU
	EndGlobalSection
	GlobalSection(ProjectConfigurationPlatforms) = postSolution
		{7906AEDA-497A-DB01-DA29-6D72A65A2095}.Debug|Any CPU.ActiveCfg = Debug|Any CPU
		{7906AEDA-497A-DB01-DA29-6D72A65A2095}.Debug|Any CPU.Build.0 = Debug|Any CPU
		{7906AEDA-497A-DB01-DA29-6D72A65A2095}.Release|Any CPU.ActiveCfg = Release|Any CPU
		{7906AEDA-497A-DB01-DA29-6D72A65A2095}.Release|Any CPU.Build.0 = Release|Any CPU
		{18940C67-BA59-6E5F-63EC-3286EEDEACD0}.Debug|Any CPU.ActiveCfg = Debug|Any CPU
		{18940C67-BA59-6E5F-63EC-3286EEDEACD0}.Debug|Any CPU.Build.0 = Debug|Any CPU
		{18940C67-BA59-6E5F-63EC-3286EEDEACD0}.Release|Any CPU.ActiveCfg = Release|Any CPU
		{18940C67-BA59-6E5F-63EC-3286EEDEACD0}.Release|Any CPU.Build.0 = Release|Any CPU
	EndGlobalSection
	GlobalSection(SolutionProperties) = preSolution
		HideSolutionNode = FALSE
	EndGlobalSection
	GlobalSection(MonoDevelopProperties) = preSolution
		StartupItem = Assembly-CSharp.csproj
	EndGlobalSection
EndGlobal
